
Microsoft Visual Studio Solution File, Format Version 12.00
# Visual Studio Version 17
VisualStudioVersion = 17.14.36212.18 d17.14
MinimumVisualStudioVersion = 10.0.40219.1
Project("{FAE04EC0-301F-11D3-BF4B-00C04F79EFBC}") = "SGHSS", "SGHSS\SGHSS.csproj", "{8CBDE111-FADA-4088-B170-241F0258497C}"
EndProject
Project("{FAE04EC0-301F-11D3-BF4B-00C04F79EFBC}") = "Shared", "Shared\Shared.csproj", "{C323E4F9-117F-46D3-B8DB-F5C67372752E}"
EndProject
Global
	GlobalSection(SolutionConfigurationPlatforms) = preSolution
		Debug|Any CPU = Debug|Any CPU
		Release|Any CPU = Release|Any CPU
	EndGlobalSection
	GlobalSection(ProjectConfigurationPlatforms) = postSolution
		{8CBDE111-FADA-4088-B170-241F0258497C}.Debug|Any CPU.ActiveCfg = Debug|Any CPU
		{8CBDE111-FADA-4088-B170-241F0258497C}.Debug|Any CPU.Build.0 = Debug|Any CPU
		{8CBDE111-FADA-4088-B170-241F0258497C}.Release|Any CPU.ActiveCfg = Release|Any CPU
		{8CBDE111-FADA-4088-B170-241F0258497C}.Release|Any CPU.Build.0 = Release|Any CPU
		{C323E4F9-117F-46D3-B8DB-F5C67372752E}.Debug|Any CPU.ActiveCfg = Debug|Any CPU
		{C323E4F9-117F-46D3-B8DB-F5C67372752E}.Debug|Any CPU.Build.0 = Debug|Any CPU
		{C323E4F9-117F-46D3-B8DB-F5C67372752E}.Release|Any CPU.ActiveCfg = Release|Any CPU
		{C323E4F9-117F-46D3-B8DB-F5C67372752E}.Release|Any CPU.Build.0 = Release|Any CPU
	EndGlobalSection
	GlobalSection(SolutionProperties) = preSolution
		HideSolutionNode = FALSE
	EndGlobalSection
	GlobalSection(ExtensibilityGlobals) = postSolution
		SolutionGuid = {4EEFC9E1-D7F9-4F13-AC38-0961979DD9A3}
	EndGlobalSection
EndGlobal
